{
  "name": "algolia",
  "version": "1.0.0",
  "lockfileVersion": 1,
  "requires": true,
  "dependencies": {
    "@algolia/cache-browser-local-storage": {
      "version": "4.2.0",
      "resolved": "https://registry.npmjs.org/@algolia/cache-browser-local-storage/-/cache-browser-local-storage-4.2.0.tgz",
      "integrity": "sha512-uji5zxBxwNu8qKtyqghg9lUsN0OOZ58NfRKk0Il4IZCcCo78E0KfT3Uxr7XiYCJMRnqIsvbKWf0xA67tYNBSbA==",
      "requires": {
        "@algolia/cache-common": "4.2.0"
      }
    },
    "@algolia/cache-common": {
      "version": "4.2.0",
      "resolved": "https://registry.npmjs.org/@algolia/cache-common/-/cache-common-4.2.0.tgz",
      "integrity": "sha512-ATBQCBBLt4hPNKIKn06y5zqZPWQmI+PBF0287rFVj8BGmEr82BzoKMa5XIkvgpjtxwx6c5nSKxZaYkEFqtrxtQ=="
    },
    "@algolia/cache-in-memory": {
      "version": "4.2.0",
      "resolved": "https://registry.npmjs.org/@algolia/cache-in-memory/-/cache-in-memory-4.2.0.tgz",
      "integrity": "sha512-NsVOR6ixK6jvurLW+1+h80/9N18QjU/AXdAZJoVeu4JXb2NPuej4Ld1zXFYvz/ypCFQE+dU8haaQnJIuTbD4vg==",
      "requires": {
        "@algolia/cache-common": "4.2.0"
      }
    },
    "@algolia/client-account": {
      "version": "4.2.0",
      "resolved": "https://registry.npmjs.org/@algolia/client-account/-/client-account-4.2.0.tgz",
      "integrity": "sha512-xz5OXU9DQ9pegABAgmTPV23f9tXmbUPO3w5J/b2QcP6jzfNnNfW3CkTwywgNLr16jIKLxmmClN5yqyJp6XmHBA==",
      "requires": {
        "@algolia/client-common": "4.2.0",
        "@algolia/client-search": "4.2.0",
        "@algolia/transporter": "4.2.0"
      }
    },
    "@algolia/client-analytics": {
      "version": "4.2.0",
      "resolved": "https://registry.npmjs.org/@algolia/client-analytics/-/client-analytics-4.2.0.tgz",
      "integrity": "sha512-UNuZQOYuKPYl5fCgm1HZzoZ6Ewxtqrc4Cv5Dhdy5VatIV6lYEWOtdn+g+5qvWFGb6fv6688dg5EVJnXZNvVVZQ==",
      "requires": {
        "@algolia/client-common": "4.2.0",
        "@algolia/client-search": "4.2.0",
        "@algolia/requester-common": "4.2.0",
        "@algolia/transporter": "4.2.0"
      }
    },
    "@algolia/client-common": {
      "version": "4.2.0",
      "resolved": "https://registry.npmjs.org/@algolia/client-common/-/client-common-4.2.0.tgz",
      "integrity": "sha512-KxZTWXf9FSl188iTAz9rhTMeBtbF/uaJcxw99jbWHxyK9KR87obZzTlTFYnIWLEBaTG1MmlgPSsDogAE4CHLOQ==",
      "requires": {
        "@algolia/requester-common": "4.2.0",
        "@algolia/transporter": "4.2.0"
      }
    },
    "@algolia/client-recommendation": {
      "version": "4.2.0",
      "resolved": "https://registry.npmjs.org/@algolia/client-recommendation/-/client-recommendation-4.2.0.tgz",
      "integrity": "sha512-5QwvUJ5hpZVDz99o+EPgMg+z7maLWOZGUrUt5z8s+esl+taTb2h1PtyLpikAvC2d/BjYCEKyObTiRDYdzhqcoA==",
      "requires": {
        "@algolia/client-common": "4.2.0",
        "@algolia/requester-common": "4.2.0",
        "@algolia/transporter": "4.2.0"
      }
    },
    "@algolia/client-search": {
      "version": "4.2.0",
      "resolved": "https://registry.npmjs.org/@algolia/client-search/-/client-search-4.2.0.tgz",
      "integrity": "sha512-2SAz1/undr+RM7FNj3G0taWFG+8QEMQcYHxUhoOJKMIY9sPQN7UNCJRHYsulM+/g45oF67tXX09NSt14ewen0Q==",
      "requires": {
        "@algolia/client-common": "4.2.0",
        "@algolia/requester-common": "4.2.0",
        "@algolia/transporter": "4.2.0"
      }
    },
    "@algolia/logger-common": {
      "version": "4.2.0",
      "resolved": "https://registry.npmjs.org/@algolia/logger-common/-/logger-common-4.2.0.tgz",
      "integrity": "sha512-VQcJE5lr78oc+lbcGfPonCDTRwLNSxwtPrUP6Tj+CoDedsVHZhODAlHzLHhxc4vuyrU7xomvKJLqTUgfDNxzXQ=="
    },
    "@algolia/logger-console": {
      "version": "4.2.0",
      "resolved": "https://registry.npmjs.org/@algolia/logger-console/-/logger-console-4.2.0.tgz",
      "integrity": "sha512-/1GE43jY0xKfJUi5ZGtEqq+oTyOzs+EgGKj7/zEHIpUc5NyxokIPWTqt3q6pzGSWFEkNbaA1gAVgXM1zCMVWYw==",
      "requires": {
        "@algolia/logger-common": "4.2.0"
      }
    },
    "@algolia/requester-browser-xhr": {
      "version": "4.2.0",
      "resolved": "https://registry.npmjs.org/@algolia/requester-browser-xhr/-/requester-browser-xhr-4.2.0.tgz",
      "integrity": "sha512-+PZKOe+UBdZYQg/h/8AbKQ2Ha4uDeoLnpZFv00IMr/elym0m2hl76xAeIBiIqGYsLCmGybGBFUF9n1imsKJUJQ==",
      "requires": {
        "@algolia/requester-common": "4.2.0"
      }
    },
    "@algolia/requester-common": {
      "version": "4.2.0",
      "resolved": "https://registry.npmjs.org/@algolia/requester-common/-/requester-common-4.2.0.tgz",
      "integrity": "sha512-SSKPRM/7UP54/dxyK6EYt4p6nTeJxYb1P6xVh/Ic6noBTCfqg5vBEKDa1DZD5MBtCvABoODd97UOfAo3ECG/jg=="
    },
    "@algolia/requester-node-http": {
      "version": "4.2.0",
      "resolved": "https://registry.npmjs.org/@algolia/requester-node-http/-/requester-node-http-4.2.0.tgz",
      "integrity": "sha512-mRQgSM8qrMfjXaBnMjTmymR0NKwbr82Qwh1a5TgYyzMOBuRO5nRikawvTVgpNaEnQS0uesIiwd2ohOJ2gNu6oA==",
      "requires": {
        "@algolia/requester-common": "4.2.0"
      }
    },
    "@algolia/transporter": {
      "version": "4.2.0",
      "resolved": "https://registry.npmjs.org/@algolia/transporter/-/transporter-4.2.0.tgz",
      "integrity": "sha512-7CiwMYsEhrHySA8q70euIYOyhGtz/wz+MEC3nwGONBC82nGI6ntVqTFhCkpLIJqqbGbNlFgnCpwnLmSqLhRP3A==",
      "requires": {
        "@algolia/cache-common": "4.2.0",
        "@algolia/logger-common": "4.2.0",
        "@algolia/requester-common": "4.2.0"
      }
    },
    "algoliasearch": {
      "version": "4.2.0",
      "resolved": "https://registry.npmjs.org/algoliasearch/-/algoliasearch-4.2.0.tgz",
      "integrity": "sha512-CgbyDBGMSzNISBFezPt68xAseknork+wNe/Oour1Hluk4OwbtobysRawFf93ZbLSQw/KbeGlVmVAvujeVIVdnQ==",
      "requires": {
        "@algolia/cache-browser-local-storage": "4.2.0",
        "@algolia/cache-common": "4.2.0",
        "@algolia/cache-in-memory": "4.2.0",
        "@algolia/client-account": "4.2.0",
        "@algolia/client-analytics": "4.2.0",
        "@algolia/client-common": "4.2.0",
        "@algolia/client-recommendation": "4.2.0",
        "@algolia/client-search": "4.2.0",
        "@algolia/logger-common": "4.2.0",
        "@algolia/logger-console": "4.2.0",
        "@algolia/requester-browser-xhr": "4.2.0",
        "@algolia/requester-common": "4.2.0",
        "@algolia/requester-node-http": "4.2.0",
        "@algolia/transporter": "4.2.0"
      }
    },
    "await-to-js": {
      "version": "2.1.1",
      "resolved": "https://registry.npmjs.org/await-to-js/-/await-to-js-2.1.1.tgz",
      "integrity": "sha512-CHBC6gQGCIzjZ09tJ+XmpQoZOn4GdWePB4qUweCaKNJ0D3f115YdhmYVTZ4rMVpiJ3cFzZcTYK1VMYEICV4YXw=="
    },
    "csv-parse": {
      "version": "4.10.1",
      "resolved": "https://registry.npmjs.org/csv-parse/-/csv-parse-4.10.1.tgz",
      "integrity": "sha512-gdDJVchi0oSLIcYXz1H/VSgLE6htHDqJyFsRU/vTkQgmVOZ3S0IR2LXnNbWUYG7VD76dYVwdfBLyx8AX9+An8A=="
    },
    "dotenv": {
      "version": "8.2.0",
      "resolved": "https://registry.npmjs.org/dotenv/-/dotenv-8.2.0.tgz",
      "integrity": "sha512-8sJ78ElpbDJBHNeBzUbUVLsqKdccaa/BXF1uPTw3GrvQTBgrQrtObr2mUrE38vzYd8cEv+m/JBfDLioYcfXoaw=="
    },
    "fs": {
      "version": "0.0.1-security",
      "resolved": "https://registry.npmjs.org/fs/-/fs-0.0.1-security.tgz",
      "integrity": "sha1-invTcYa23d84E/I4WLV+yq9eQdQ="
    },
    "inherits": {
      "version": "2.0.3",
      "resolved": "https://registry.npmjs.org/inherits/-/inherits-2.0.3.tgz",
      "integrity": "sha1-Yzwsg+PaQqUC9SRmAiSA9CCCYd4="
    },
    "path": {
      "version": "0.12.7",
      "resolved": "https://registry.npmjs.org/path/-/path-0.12.7.tgz",
      "integrity": "sha1-1NwqUGxM4hl+tIHr/NWzbAFAsQ8=",
      "requires": {
        "process": "^0.11.1",
        "util": "^0.10.3"
      }
    },
    "process": {
      "version": "0.11.10",
      "resolved": "https://registry.npmjs.org/process/-/process-0.11.10.tgz",
      "integrity": "sha1-czIwDoQBYb2j5podHZGn1LwW8YI="
    },
    "util": {
      "version": "0.10.4",
      "resolved": "https://registry.npmjs.org/util/-/util-0.10.4.tgz",
      "integrity": "sha512-0Pm9hTQ3se5ll1XihRic3FDIku70C+iHUdT/W926rSgHV5QgXsYbKZN8MSC3tJtSkhuROzvsQjAaFENRXr+19A==",
      "requires": {
        "inherits": "2.0.3"
      }
    }
  }
}
