{
	"name": "@tutorbook/covid-form",
	"version": "0.0.1",
	"lockfileVersion": 1,
	"requires": true,
	"dependencies": {
		"@material/animation": {
			"version": "5.1.0",
			"resolved": "https://registry.npmjs.org/@material/animation/-/animation-5.1.0.tgz",
			"integrity": "sha512-qZuPCZkTsCQCzx5EtY2eNBcmYOMGMbFVq6VTmvQztDCYDykT8JfP8Hpk55Y5bGORHvBbIasUXzoAhfQs6w/Bdg==",
			"requires": {
				"tslib": "^1.9.3"
			}
		},
		"@material/base": {
			"version": "5.1.0",
			"resolved": "https://registry.npmjs.org/@material/base/-/base-5.1.0.tgz",
			"integrity": "sha512-UxVFKpSNaoKqd7hHxy9hrvwANp0WJy/BZqu8Rj/aRvKnBZnuHehFuOysI9WqdeTqgveJaQoj6EEkVEqLurR5Sg==",
			"requires": {
				"tslib": "^1.9.3"
			}
		},
		"@material/density": {
			"version": "5.1.0",
			"resolved": "https://registry.npmjs.org/@material/density/-/density-5.1.0.tgz",
			"integrity": "sha512-jmp6AgiNYosl+HicxWCa8vib9pg9tNxRcf+6f9LDkDYJ9jtO90PXuypyd0hO64JZ9Df7BywFj5hTWPERG1FBbw=="
		},
		"@material/dom": {
			"version": "5.1.0",
			"resolved": "https://registry.npmjs.org/@material/dom/-/dom-5.1.0.tgz",
			"integrity": "sha512-tBbl3hG34Auv+2sboWhtstXeZ9rx3G7hb/jEXs5xZ5KIfZHwY4mbo0KqR/fSJZKaUsvk2Nc/UEOVcUx2mTNmYg==",
			"requires": {
				"tslib": "^1.9.3"
			}
		},
		"@material/feature-targeting": {
			"version": "5.1.0",
			"resolved": "https://registry.npmjs.org/@material/feature-targeting/-/feature-targeting-5.1.0.tgz",
			"integrity": "sha512-z3JNWF7lP9WOzw1xBwul/HAOu4qC6EpK/8MkhjLNI9APvdYML82PWS1V0k0MiqA6Jk6uxm8DiVAk9VUqBa9/YA=="
		},
		"@material/floating-label": {
			"version": "5.1.0",
			"resolved": "https://registry.npmjs.org/@material/floating-label/-/floating-label-5.1.0.tgz",
			"integrity": "sha512-5EwPiBa5A4Q678tNWdkkBGDdSCDzudhVgBtRiA/7xRo4dHXiBxX5bhE+RHrF3ZQyEf6fsShspqwAFkTA1EaplQ==",
			"requires": {
				"@material/animation": "^5.1.0",
				"@material/base": "^5.1.0",
				"@material/dom": "^5.1.0",
				"@material/feature-targeting": "^5.1.0",
				"@material/rtl": "^5.1.0",
				"@material/theme": "^5.1.0",
				"@material/typography": "^5.1.0",
				"tslib": "^1.9.3"
			}
		},
		"@material/line-ripple": {
			"version": "5.1.0",
			"resolved": "https://registry.npmjs.org/@material/line-ripple/-/line-ripple-5.1.0.tgz",
			"integrity": "sha512-esf2/ROZl1eVpyGCWPvxMSGVkuIOG5Fm6qufOLp7XIx5IL1O0bsm+bV6cVC4JCCtmNOag4GOBgkKKbkOvp/R6g==",
			"requires": {
				"@material/animation": "^5.1.0",
				"@material/base": "^5.1.0",
				"@material/feature-targeting": "^5.1.0",
				"@material/theme": "^5.1.0",
				"tslib": "^1.9.3"
			}
		},
		"@material/notched-outline": {
			"version": "5.1.0",
			"resolved": "https://registry.npmjs.org/@material/notched-outline/-/notched-outline-5.1.0.tgz",
			"integrity": "sha512-mQ3NjJR1jLXnJi6jhs20ftTf0yU1gWpYlyx1GizU0f7pLEqcIrFnw6G+pavcnKqP+JXNkzAQeGbmZvYBQnxokA==",
			"requires": {
				"@material/base": "^5.1.0",
				"@material/feature-targeting": "^5.1.0",
				"@material/floating-label": "^5.1.0",
				"@material/rtl": "^5.1.0",
				"@material/shape": "^5.1.0",
				"@material/theme": "^5.1.0",
				"tslib": "^1.9.3"
			}
		},
		"@material/ripple": {
			"version": "5.1.0",
			"resolved": "https://registry.npmjs.org/@material/ripple/-/ripple-5.1.0.tgz",
			"integrity": "sha512-mluIf+HaaCplszp9/MAl178FpfIJWi5hSyQOpF7w8RTzRSaH8J0uwgmn8VeNnwe1TAWio0vQzHrz4iEg2r7Ngw==",
			"requires": {
				"@material/animation": "^5.1.0",
				"@material/base": "^5.1.0",
				"@material/dom": "^5.1.0",
				"@material/feature-targeting": "^5.1.0",
				"@material/theme": "^5.1.0",
				"tslib": "^1.9.3"
			}
		},
		"@material/rtl": {
			"version": "5.1.0",
			"resolved": "https://registry.npmjs.org/@material/rtl/-/rtl-5.1.0.tgz",
			"integrity": "sha512-Hij4KJIfjK63HArdQ3K1INMo0MbigDgL0JhjO1VDk5c+iYmYpjDI7wgPLmV5ISCBtenXRWpo1xbBO3uEmtCd4Q=="
		},
		"@material/shape": {
			"version": "5.1.0",
			"resolved": "https://registry.npmjs.org/@material/shape/-/shape-5.1.0.tgz",
			"integrity": "sha512-/k27T9fhQ1zj7VCsS26nv0TzsOi142ncik2mycEXq8753PDBotob7Y19pbwivwt9QxkglhMGH0EaWdZPzBoQXw==",
			"requires": {
				"@material/feature-targeting": "^5.1.0",
				"@material/rtl": "^5.1.0"
			}
		},
		"@material/textfield": {
			"version": "5.1.0",
			"resolved": "https://registry.npmjs.org/@material/textfield/-/textfield-5.1.0.tgz",
			"integrity": "sha512-Vipvw75AXj4G/BGXv3DyrGozbvHxGtcNGig1e5pz1ERvcmZN5epLyGStznxEIZYNf0Q+6O/NwSRxZGgrdI2w8w==",
			"requires": {
				"@material/animation": "^5.1.0",
				"@material/base": "^5.1.0",
				"@material/density": "^5.1.0",
				"@material/dom": "^5.1.0",
				"@material/feature-targeting": "^5.1.0",
				"@material/floating-label": "^5.1.0",
				"@material/line-ripple": "^5.1.0",
				"@material/notched-outline": "^5.1.0",
				"@material/ripple": "^5.1.0",
				"@material/rtl": "^5.1.0",
				"@material/shape": "^5.1.0",
				"@material/theme": "^5.1.0",
				"@material/typography": "^5.1.0",
				"tslib": "^1.9.3"
			}
		},
		"@material/theme": {
			"version": "5.1.0",
			"resolved": "https://registry.npmjs.org/@material/theme/-/theme-5.1.0.tgz",
			"integrity": "sha512-VoaCYAubn/oEG1/fu/yP4nxAw8sLEphFOGGBJxcPGQoLgQ9qcvibsV3G5H9S6AtmhJxgSGU0JnO9TaiuhQq5zA==",
			"requires": {
				"@material/feature-targeting": "^5.1.0"
			}
		},
		"@material/typography": {
			"version": "5.1.0",
			"resolved": "https://registry.npmjs.org/@material/typography/-/typography-5.1.0.tgz",
			"integrity": "sha512-yh02koa6JLyPT5u7Zb31kyqhoZoppL0n9FmZK+eHXZcfeDF7ROL0UmtRsEjQxfnCNZRR+FIhAgrzdYxClwH05g==",
			"requires": {
				"@material/feature-targeting": "^5.1.0",
				"@material/theme": "^5.1.0"
			}
		},
		"@rmwc/base": {
			"version": "6.0.9",
			"resolved": "https://registry.npmjs.org/@rmwc/base/-/base-6.0.9.tgz",
			"integrity": "sha512-OxTKQQHgY0mAzt8nhcIGBw5GIOfScHyk0JPaaAjExHgf7J6v2lLFT7hdki0qU8GwfCRc91lanTKTz55dik2RNg==",
			"requires": {
				"@rmwc/types": "^6.0.5",
				"classnames": "^2.2.6",
				"hyperform": "^0.9.9",
				"mutation-observer": "^1.0.3",
				"tslib": "^1.10.0"
			}
		},
		"@rmwc/floating-label": {
			"version": "6.0.9",
			"resolved": "https://registry.npmjs.org/@rmwc/floating-label/-/floating-label-6.0.9.tgz",
			"integrity": "sha512-+7+eq1BVTALScCt7YZ5VjG2Tbwic+1mCDMJ4AlcjQm9T52FTb5ipXPCzpJTSfvR3F6xe6KkctbtWxVc5s0L40A==",
			"requires": {
				"@material/floating-label": "^5.1.0",
				"@rmwc/base": "^6.0.9",
				"@rmwc/types": "^6.0.5"
			}
		},
		"@rmwc/icon": {
			"version": "6.0.9",
			"resolved": "https://registry.npmjs.org/@rmwc/icon/-/icon-6.0.9.tgz",
			"integrity": "sha512-aBnwqD7JPhVRH/c1kj3PtqQHAWUdjvTbeSG/p5Zz951k4DTAjEqJF8n+DG8MYvjZ5jbU4D6K4oxA7MA0l0770w==",
			"requires": {
				"@rmwc/base": "^6.0.9",
				"@rmwc/provider": "^6.0.9",
				"@rmwc/types": "^6.0.5"
			}
		},
		"@rmwc/line-ripple": {
			"version": "6.0.9",
			"resolved": "https://registry.npmjs.org/@rmwc/line-ripple/-/line-ripple-6.0.9.tgz",
			"integrity": "sha512-sUd1nopSsrHLATyvLlt2FUWDdoCswPkmemfJZuC1Db8Vj1A8L5vd/IoCOFf2wwEzvmgTW3BTwtER7Mg8FtbIgg==",
			"requires": {
				"@material/line-ripple": "^5.1.0",
				"@rmwc/base": "^6.0.9",
				"@rmwc/types": "^6.0.5"
			}
		},
		"@rmwc/notched-outline": {
			"version": "6.0.9",
			"resolved": "https://registry.npmjs.org/@rmwc/notched-outline/-/notched-outline-6.0.9.tgz",
			"integrity": "sha512-00u80oSowkwPc+mtT2/mkCpu0k3KR2Y7lpRypWqDKcjWHz1cUGS/4VPT40+1URQNwmfsDwIJRdYfLoVVEnYcHQ==",
			"requires": {
				"@material/notched-outline": "^5.1.0",
				"@rmwc/base": "^6.0.9",
				"@rmwc/types": "^6.0.5"
			}
		},
		"@rmwc/provider": {
			"version": "6.0.9",
			"resolved": "https://registry.npmjs.org/@rmwc/provider/-/provider-6.0.9.tgz",
			"integrity": "sha512-Dth/NnqrdjLhjjqA8ZqoJrvIUk2hTfqG5Gcoia9CO0MGLG2RrB3MqwoY71zvce0Z0mZqu5mEzej5yF5tXx8v3w==",
			"requires": {
				"@rmwc/base": "^6.0.9",
				"@rmwc/types": "^6.0.5"
			}
		},
		"@rmwc/ripple": {
			"version": "6.0.9",
			"resolved": "https://registry.npmjs.org/@rmwc/ripple/-/ripple-6.0.9.tgz",
			"integrity": "sha512-mzfvvINFrtH7WQvMdrVyj++WhzJ4ubSRM22dEFSvX0vVj9PCeNoo0G3W8dcW8W4qyzTuan/7PmekeWhQXeEVkw==",
			"requires": {
				"@material/ripple": "^5.1.0",
				"@rmwc/base": "^6.0.9",
				"@rmwc/provider": "^6.0.9",
				"@rmwc/types": "^6.0.5"
			}
		},
		"@rmwc/textfield": {
			"version": "6.0.9",
			"resolved": "https://registry.npmjs.org/@rmwc/textfield/-/textfield-6.0.9.tgz",
			"integrity": "sha512-StTRXvaPCUc0LVcceKEW+RVwyjDUW583uawvEmxuLnwps7R4WjX5OjezxbT3fTmIwMe5VloPSywqSuOvqsQarA==",
			"requires": {
				"@material/textfield": "^5.1.0",
				"@rmwc/base": "^6.0.9",
				"@rmwc/floating-label": "^6.0.9",
				"@rmwc/icon": "^6.0.9",
				"@rmwc/line-ripple": "^6.0.9",
				"@rmwc/notched-outline": "^6.0.9",
				"@rmwc/ripple": "^6.0.9",
				"@rmwc/types": "^6.0.5"
			}
		},
		"@rmwc/types": {
			"version": "6.0.5",
			"resolved": "https://registry.npmjs.org/@rmwc/types/-/types-6.0.5.tgz",
			"integrity": "sha512-G4NZxakwsTMFxxpEWX90MOlZtVNzCwooLUg7FH7Oh5OJCnKWGmXK8ZMF59vvIEn7zCiEpVroKhOxNpMw9TIUTw=="
		},
		"@types/node": {
			"version": "13.11.0",
			"resolved": "https://registry.npmjs.org/@types/node/-/node-13.11.0.tgz",
			"integrity": "sha512-uM4mnmsIIPK/yeO+42F2RQhGUIs39K2RFmugcJANppXe6J1nvH87PvzPZYpza7Xhhs8Yn9yIAVdLZ84z61+0xQ==",
			"dev": true
		},
		"@types/prop-types": {
			"version": "15.7.3",
			"resolved": "https://registry.npmjs.org/@types/prop-types/-/prop-types-15.7.3.tgz",
			"integrity": "sha512-KfRL3PuHmqQLOG+2tGpRO26Ctg+Cq1E01D2DMriKEATHgWLfeNDmq9e29Q9WIky0dQ3NPkd1mzYH8Lm936Z9qw==",
			"dev": true
		},
		"@types/react": {
			"version": "16.9.32",
			"resolved": "https://registry.npmjs.org/@types/react/-/react-16.9.32.tgz",
			"integrity": "sha512-fmejdp0CTH00mOJmxUPPbWCEBWPvRIL4m8r0qD+BSDUqmutPyGQCHifzMpMzdvZwROdEdL78IuZItntFWgPXHQ==",
			"dev": true,
			"requires": {
				"@types/prop-types": "*",
				"csstype": "^2.2.0"
			}
		},
		"classnames": {
			"version": "2.2.6",
			"resolved": "https://registry.npmjs.org/classnames/-/classnames-2.2.6.tgz",
			"integrity": "sha512-JR/iSQOSt+LQIWwrwEzJ9uk0xfN3mTVYMwt1Ir5mUcSN6pU+V4zQFFaJsclJbPuAUQH+yfWef6tm7l1quW3C8Q=="
		},
		"csstype": {
			"version": "2.6.10",
			"resolved": "https://registry.npmjs.org/csstype/-/csstype-2.6.10.tgz",
			"integrity": "sha512-D34BqZU4cIlMCY93rZHbrq9pjTAQJ3U8S8rfBqjwHxkGPThWFjzZDQpgMJY0QViLxth6ZKYiwFBo14RdN44U/w==",
			"dev": true
		},
		"hyperform": {
			"version": "0.9.23",
			"resolved": "https://registry.npmjs.org/hyperform/-/hyperform-0.9.23.tgz",
			"integrity": "sha512-2rUMOZuWFdHdTa8kymF+8nRHr/LLkUnb1i8NjGZyQ/KFL9T/WzGckcm6MY5uQSLXW5BViAT3yOV3sif77YR/SQ=="
		},
		"mutation-observer": {
			"version": "1.0.3",
			"resolved": "https://registry.npmjs.org/mutation-observer/-/mutation-observer-1.0.3.tgz",
			"integrity": "sha512-M/O/4rF2h776hV7qGMZUH3utZLO/jK7p8rnNgGkjKUw8zCGjRQPxB8z6+5l8+VjRUQ3dNYu4vjqXYLr+U8ZVNA=="
		},
		"tslib": {
			"version": "1.11.1",
			"resolved": "https://registry.npmjs.org/tslib/-/tslib-1.11.1.tgz",
			"integrity": "sha512-aZW88SY8kQbU7gpV19lN24LtXh/yD4ZZg6qieAJDDg+YBsJcSmLGK9QpnUjAKVG/xefmvJGd1WUmfpT/g6AJGA=="
		}
	}
}
