{
	"name": "@tutorbook/covid-form",
	"version": "0.0.0",
	"lockfileVersion": 1,
	"requires": true,
	"dependencies": {
		"@material/animation": {
			"version": "5.1.0",
			"resolved": "https://registry.npmjs.org/@material/animation/-/animation-5.1.0.tgz",
			"integrity": "sha512-qZuPCZkTsCQCzx5EtY2eNBcmYOMGMbFVq6VTmvQztDCYDykT8JfP8Hpk55Y5bGORHvBbIasUXzoAhfQs6w/Bdg==",
			"requires": {
				"tslib": "^1.9.3"
			}
		},
		"@material/base": {
			"version": "5.1.0",
			"resolved": "https://registry.npmjs.org/@material/base/-/base-5.1.0.tgz",
			"integrity": "sha512-UxVFKpSNaoKqd7hHxy9hrvwANp0WJy/BZqu8Rj/aRvKnBZnuHehFuOysI9WqdeTqgveJaQoj6EEkVEqLurR5Sg==",
			"requires": {
				"tslib": "^1.9.3"
			}
		},
		"@material/button": {
			"version": "5.1.0",
			"resolved": "https://registry.npmjs.org/@material/button/-/button-5.1.0.tgz",
			"integrity": "sha512-umeuIEbeRRd0cY+5axhrBoM0dvJ4YfoTsUbKgz4ctFxHLBsgthFUIXSa3Ot15s284UP6kjslK0LCMqzhirZxeQ==",
			"requires": {
				"@material/density": "^5.1.0",
				"@material/elevation": "^5.1.0",
				"@material/feature-targeting": "^5.1.0",
				"@material/ripple": "^5.1.0",
				"@material/rtl": "^5.1.0",
				"@material/shape": "^5.1.0",
				"@material/theme": "^5.1.0",
				"@material/touch-target": "^5.1.0",
				"@material/typography": "^5.1.0"
			}
		},
		"@material/card": {
			"version": "5.1.0",
			"resolved": "https://registry.npmjs.org/@material/card/-/card-5.1.0.tgz",
			"integrity": "sha512-/syao6oR/PAvzs04quybeCWHZVn4W2dNnxIOWIJTRQced0/o3gYrHgQSX+edC+6pEnSr3Drwbo2cye7nRdbixA==",
			"requires": {
				"@material/elevation": "^5.1.0",
				"@material/feature-targeting": "^5.1.0",
				"@material/ripple": "^5.1.0",
				"@material/rtl": "^5.1.0",
				"@material/shape": "^5.1.0",
				"@material/theme": "^5.1.0"
			}
		},
		"@material/density": {
			"version": "5.1.0",
			"resolved": "https://registry.npmjs.org/@material/density/-/density-5.1.0.tgz",
			"integrity": "sha512-jmp6AgiNYosl+HicxWCa8vib9pg9tNxRcf+6f9LDkDYJ9jtO90PXuypyd0hO64JZ9Df7BywFj5hTWPERG1FBbw=="
		},
		"@material/dom": {
			"version": "5.1.0",
			"resolved": "https://registry.npmjs.org/@material/dom/-/dom-5.1.0.tgz",
			"integrity": "sha512-tBbl3hG34Auv+2sboWhtstXeZ9rx3G7hb/jEXs5xZ5KIfZHwY4mbo0KqR/fSJZKaUsvk2Nc/UEOVcUx2mTNmYg==",
			"requires": {
				"tslib": "^1.9.3"
			}
		},
		"@material/elevation": {
			"version": "5.1.0",
			"resolved": "https://registry.npmjs.org/@material/elevation/-/elevation-5.1.0.tgz",
			"integrity": "sha512-NsWIT+L6x3BLouCOh3H8x885/nCrNNmzCwHEodz/0PcYQsxx9RiIVFkagmJWw/w//jej/D4NotD0xHGKOWTrFA==",
			"requires": {
				"@material/animation": "^5.1.0",
				"@material/base": "^5.1.0",
				"@material/feature-targeting": "^5.1.0",
				"@material/theme": "^5.1.0"
			}
		},
		"@material/feature-targeting": {
			"version": "5.1.0",
			"resolved": "https://registry.npmjs.org/@material/feature-targeting/-/feature-targeting-5.1.0.tgz",
			"integrity": "sha512-z3JNWF7lP9WOzw1xBwul/HAOu4qC6EpK/8MkhjLNI9APvdYML82PWS1V0k0MiqA6Jk6uxm8DiVAk9VUqBa9/YA=="
		},
		"@material/floating-label": {
			"version": "5.1.0",
			"resolved": "https://registry.npmjs.org/@material/floating-label/-/floating-label-5.1.0.tgz",
			"integrity": "sha512-5EwPiBa5A4Q678tNWdkkBGDdSCDzudhVgBtRiA/7xRo4dHXiBxX5bhE+RHrF3ZQyEf6fsShspqwAFkTA1EaplQ==",
			"requires": {
				"@material/animation": "^5.1.0",
				"@material/base": "^5.1.0",
				"@material/dom": "^5.1.0",
				"@material/feature-targeting": "^5.1.0",
				"@material/rtl": "^5.1.0",
				"@material/theme": "^5.1.0",
				"@material/typography": "^5.1.0",
				"tslib": "^1.9.3"
			}
		},
		"@material/icon-button": {
			"version": "5.1.0",
			"resolved": "https://registry.npmjs.org/@material/icon-button/-/icon-button-5.1.0.tgz",
			"integrity": "sha512-HLdSkqDH1wx5YSBHz8dGEL2BKv8IDqhRul7wea9i9/3RcQz3hb5+OYpq8iiXqpxcVPVlWNud2w1oyvmEXRTdZQ==",
			"requires": {
				"@material/base": "^5.1.0",
				"@material/density": "^5.1.0",
				"@material/feature-targeting": "^5.1.0",
				"@material/ripple": "^5.1.0",
				"@material/theme": "^5.1.0",
				"tslib": "^1.9.3"
			}
		},
		"@material/line-ripple": {
			"version": "5.1.0",
			"resolved": "https://registry.npmjs.org/@material/line-ripple/-/line-ripple-5.1.0.tgz",
			"integrity": "sha512-esf2/ROZl1eVpyGCWPvxMSGVkuIOG5Fm6qufOLp7XIx5IL1O0bsm+bV6cVC4JCCtmNOag4GOBgkKKbkOvp/R6g==",
			"requires": {
				"@material/animation": "^5.1.0",
				"@material/base": "^5.1.0",
				"@material/feature-targeting": "^5.1.0",
				"@material/theme": "^5.1.0",
				"tslib": "^1.9.3"
			}
		},
		"@material/list": {
			"version": "5.1.0",
			"resolved": "https://registry.npmjs.org/@material/list/-/list-5.1.0.tgz",
			"integrity": "sha512-fcHMJLmmtFYeMU8CO9VsXoRRm3/2jhPVMWK3lpuARZxvkNyZqjQG0mGtpWgw4oekerM/B37TGGFmN3R5DSyGcg==",
			"requires": {
				"@material/base": "^5.1.0",
				"@material/density": "^5.1.0",
				"@material/dom": "^5.1.0",
				"@material/feature-targeting": "^5.1.0",
				"@material/ripple": "^5.1.0",
				"@material/rtl": "^5.1.0",
				"@material/shape": "^5.1.0",
				"@material/theme": "^5.1.0",
				"@material/typography": "^5.1.0",
				"tslib": "^1.9.3"
			}
		},
		"@material/menu": {
			"version": "5.1.0",
			"resolved": "https://registry.npmjs.org/@material/menu/-/menu-5.1.0.tgz",
			"integrity": "sha512-ssJNcbdyLewgL7hnj4C7JeXO3GvV4G2i1//Ych2s+au7AcJ/6/YeTTKhiCkoSpS7pb7axB3dMKwQWor2glec5Q==",
			"requires": {
				"@material/base": "^5.1.0",
				"@material/dom": "^5.1.0",
				"@material/elevation": "^5.1.0",
				"@material/feature-targeting": "^5.1.0",
				"@material/list": "^5.1.0",
				"@material/menu-surface": "^5.1.0",
				"@material/ripple": "^5.1.0",
				"@material/rtl": "^5.1.0",
				"@material/theme": "^5.1.0",
				"tslib": "^1.9.3"
			}
		},
		"@material/menu-surface": {
			"version": "5.1.0",
			"resolved": "https://registry.npmjs.org/@material/menu-surface/-/menu-surface-5.1.0.tgz",
			"integrity": "sha512-8EqkrKP92O4xaPVItz2841OfmuH3zyCclU1iC0NSBa39MwmYt7ML3IEaOXwOzKlcNGOcC7qPeqcpYlUsfMYX3g==",
			"requires": {
				"@material/animation": "^5.1.0",
				"@material/base": "^5.1.0",
				"@material/elevation": "^5.1.0",
				"@material/feature-targeting": "^5.1.0",
				"@material/rtl": "^5.1.0",
				"@material/shape": "^5.1.0",
				"@material/theme": "^5.1.0",
				"tslib": "^1.9.3"
			}
		},
		"@material/notched-outline": {
			"version": "5.1.0",
			"resolved": "https://registry.npmjs.org/@material/notched-outline/-/notched-outline-5.1.0.tgz",
			"integrity": "sha512-mQ3NjJR1jLXnJi6jhs20ftTf0yU1gWpYlyx1GizU0f7pLEqcIrFnw6G+pavcnKqP+JXNkzAQeGbmZvYBQnxokA==",
			"requires": {
				"@material/base": "^5.1.0",
				"@material/feature-targeting": "^5.1.0",
				"@material/floating-label": "^5.1.0",
				"@material/rtl": "^5.1.0",
				"@material/shape": "^5.1.0",
				"@material/theme": "^5.1.0",
				"tslib": "^1.9.3"
			}
		},
		"@material/ripple": {
			"version": "5.1.0",
			"resolved": "https://registry.npmjs.org/@material/ripple/-/ripple-5.1.0.tgz",
			"integrity": "sha512-mluIf+HaaCplszp9/MAl178FpfIJWi5hSyQOpF7w8RTzRSaH8J0uwgmn8VeNnwe1TAWio0vQzHrz4iEg2r7Ngw==",
			"requires": {
				"@material/animation": "^5.1.0",
				"@material/base": "^5.1.0",
				"@material/dom": "^5.1.0",
				"@material/feature-targeting": "^5.1.0",
				"@material/theme": "^5.1.0",
				"tslib": "^1.9.3"
			}
		},
		"@material/rtl": {
			"version": "5.1.0",
			"resolved": "https://registry.npmjs.org/@material/rtl/-/rtl-5.1.0.tgz",
			"integrity": "sha512-Hij4KJIfjK63HArdQ3K1INMo0MbigDgL0JhjO1VDk5c+iYmYpjDI7wgPLmV5ISCBtenXRWpo1xbBO3uEmtCd4Q=="
		},
		"@material/select": {
			"version": "5.1.0",
			"resolved": "https://registry.npmjs.org/@material/select/-/select-5.1.0.tgz",
			"integrity": "sha512-AAXscWDMjpVfO91VYKhxdP8XTyZ6fJFNFEgL0lxccvRqU8qFt5cPQ+7W1IgMWYdrnvHhANa8DLTrpnepSq4irQ==",
			"requires": {
				"@material/animation": "^5.1.0",
				"@material/base": "^5.1.0",
				"@material/floating-label": "^5.1.0",
				"@material/line-ripple": "^5.1.0",
				"@material/menu": "^5.1.0",
				"@material/menu-surface": "^5.1.0",
				"@material/notched-outline": "^5.1.0",
				"@material/ripple": "^5.1.0",
				"@material/rtl": "^5.1.0",
				"@material/shape": "^5.1.0",
				"@material/theme": "^5.1.0",
				"@material/typography": "^5.1.0",
				"tslib": "^1.9.3"
			}
		},
		"@material/shape": {
			"version": "5.1.0",
			"resolved": "https://registry.npmjs.org/@material/shape/-/shape-5.1.0.tgz",
			"integrity": "sha512-/k27T9fhQ1zj7VCsS26nv0TzsOi142ncik2mycEXq8753PDBotob7Y19pbwivwt9QxkglhMGH0EaWdZPzBoQXw==",
			"requires": {
				"@material/feature-targeting": "^5.1.0",
				"@material/rtl": "^5.1.0"
			}
		},
		"@material/textfield": {
			"version": "5.1.0",
			"resolved": "https://registry.npmjs.org/@material/textfield/-/textfield-5.1.0.tgz",
			"integrity": "sha512-Vipvw75AXj4G/BGXv3DyrGozbvHxGtcNGig1e5pz1ERvcmZN5epLyGStznxEIZYNf0Q+6O/NwSRxZGgrdI2w8w==",
			"requires": {
				"@material/animation": "^5.1.0",
				"@material/base": "^5.1.0",
				"@material/density": "^5.1.0",
				"@material/dom": "^5.1.0",
				"@material/feature-targeting": "^5.1.0",
				"@material/floating-label": "^5.1.0",
				"@material/line-ripple": "^5.1.0",
				"@material/notched-outline": "^5.1.0",
				"@material/ripple": "^5.1.0",
				"@material/rtl": "^5.1.0",
				"@material/shape": "^5.1.0",
				"@material/theme": "^5.1.0",
				"@material/typography": "^5.1.0",
				"tslib": "^1.9.3"
			}
		},
		"@material/theme": {
			"version": "5.1.0",
			"resolved": "https://registry.npmjs.org/@material/theme/-/theme-5.1.0.tgz",
			"integrity": "sha512-VoaCYAubn/oEG1/fu/yP4nxAw8sLEphFOGGBJxcPGQoLgQ9qcvibsV3G5H9S6AtmhJxgSGU0JnO9TaiuhQq5zA==",
			"requires": {
				"@material/feature-targeting": "^5.1.0"
			}
		},
		"@material/touch-target": {
			"version": "5.1.0",
			"resolved": "https://registry.npmjs.org/@material/touch-target/-/touch-target-5.1.0.tgz",
			"integrity": "sha512-lR3eoL1D0I/hyEK6I7bMFDBy/pE0yYvjYUZtL1vC7+2i54A4FgQ2hwnpQJVaZQXzrHdj6xsXmODphmUsH5gqPA==",
			"requires": {
				"@material/base": "^5.1.0",
				"@material/feature-targeting": "^5.1.0"
			}
		},
		"@material/typography": {
			"version": "5.1.0",
			"resolved": "https://registry.npmjs.org/@material/typography/-/typography-5.1.0.tgz",
			"integrity": "sha512-yh02koa6JLyPT5u7Zb31kyqhoZoppL0n9FmZK+eHXZcfeDF7ROL0UmtRsEjQxfnCNZRR+FIhAgrzdYxClwH05g==",
			"requires": {
				"@material/feature-targeting": "^5.1.0",
				"@material/theme": "^5.1.0"
			}
		},
		"@rmwc/base": {
			"version": "6.0.5",
			"resolved": "https://registry.npmjs.org/@rmwc/base/-/base-6.0.5.tgz",
			"integrity": "sha512-xVrz/ig7LQ/hgvyxZYWapM/31mVMqhJeuZSWO/FLuGTY+e7HNUj1SYJIXYxc8irdUvQDmxEXABdxhEAR4MPZNA==",
			"requires": {
				"@rmwc/types": "^6.0.5",
				"classnames": "^2.2.6",
				"hyperform": "^0.9.9",
				"mutation-observer": "^1.0.3",
				"tslib": "^1.10.0"
			}
		},
		"@rmwc/button": {
			"version": "6.0.5",
			"resolved": "https://registry.npmjs.org/@rmwc/button/-/button-6.0.5.tgz",
			"integrity": "sha512-SG4+G6G9L0iqLP6M4EJwAY+/wUrJ/agqAjmDJrMNt1FnBUMRONSoxCbZhKjm/Z6pla5OSCGi17OlZCf20Oky8A==",
			"requires": {
				"@material/button": "^5.1.0",
				"@rmwc/base": "^6.0.5",
				"@rmwc/icon": "^6.0.5",
				"@rmwc/provider": "^6.0.5",
				"@rmwc/ripple": "^6.0.5",
				"@rmwc/types": "^6.0.5"
			}
		},
		"@rmwc/card": {
			"version": "6.0.5",
			"resolved": "https://registry.npmjs.org/@rmwc/card/-/card-6.0.5.tgz",
			"integrity": "sha512-Z/MpqT7dYdycedsAmLKZdV/zT3FMj4RP0+0GznW7FaKaThXJDxHtnmUnRYJ8S5PSZKHatya29MgyewxirYufxw==",
			"requires": {
				"@material/card": "^5.1.0",
				"@rmwc/base": "^6.0.5",
				"@rmwc/button": "^6.0.5",
				"@rmwc/icon-button": "^6.0.5",
				"@rmwc/ripple": "^6.0.5",
				"@rmwc/types": "^6.0.5"
			}
		},
		"@rmwc/floating-label": {
			"version": "6.0.5",
			"resolved": "https://registry.npmjs.org/@rmwc/floating-label/-/floating-label-6.0.5.tgz",
			"integrity": "sha512-PSGugK9sRao1dWF9j/XeFEFZ75FOZqKeDX07nNWqkQdsdA4x04nf4N23wwEQFPhnmVqgb1X2be7ctpiSe9ma6Q==",
			"requires": {
				"@material/floating-label": "^5.1.0",
				"@rmwc/base": "^6.0.5",
				"@rmwc/types": "^6.0.5"
			}
		},
		"@rmwc/icon": {
			"version": "6.0.5",
			"resolved": "https://registry.npmjs.org/@rmwc/icon/-/icon-6.0.5.tgz",
			"integrity": "sha512-nWCvuB+LAqM84CzA4JiMExSnQ86TSrgEn5Oga9/izJWCKK9nqTX9L4Hn85ajT7EOmehss4lNmJpeDqdiIPwb5w==",
			"requires": {
				"@rmwc/base": "^6.0.5",
				"@rmwc/provider": "^6.0.5",
				"@rmwc/types": "^6.0.5"
			}
		},
		"@rmwc/icon-button": {
			"version": "6.0.5",
			"resolved": "https://registry.npmjs.org/@rmwc/icon-button/-/icon-button-6.0.5.tgz",
			"integrity": "sha512-+ZsODCPMaMYy2eSCq2P9nbwbH00/nVYu6dRO+5c3kNNT8m6/P/Lf1TqzfUv7QijKgUwJQzBJ0NzbDPaYof0WqA==",
			"requires": {
				"@material/icon-button": "^5.1.0",
				"@rmwc/base": "^6.0.5",
				"@rmwc/icon": "^6.0.5",
				"@rmwc/ripple": "^6.0.5",
				"@rmwc/types": "^6.0.5"
			}
		},
		"@rmwc/line-ripple": {
			"version": "6.0.5",
			"resolved": "https://registry.npmjs.org/@rmwc/line-ripple/-/line-ripple-6.0.5.tgz",
			"integrity": "sha512-sZ+nVPbSg3h6G4wix4085+L4TbeVfTkDhjbWRzCMec8bKtcm6FRWmEyRECLvQ1TQzm/qdk1s04aOIf9WsoYG5Q==",
			"requires": {
				"@material/line-ripple": "^5.1.0",
				"@rmwc/base": "^6.0.5",
				"@rmwc/types": "^6.0.5"
			}
		},
		"@rmwc/list": {
			"version": "6.0.5",
			"resolved": "https://registry.npmjs.org/@rmwc/list/-/list-6.0.5.tgz",
			"integrity": "sha512-4NB/noitxnsO45zPdeLv/2uB+UczZLZoi2nQALgPtXtxKycqlQ3SyGMPJP4+hVMnmHvm3einViLbkLRovRlLwQ==",
			"requires": {
				"@material/list": "^5.1.0",
				"@rmwc/base": "^6.0.5",
				"@rmwc/icon": "^6.0.5",
				"@rmwc/provider": "^6.0.5",
				"@rmwc/ripple": "^6.0.5",
				"@rmwc/types": "^6.0.5"
			}
		},
		"@rmwc/menu": {
			"version": "6.0.5",
			"resolved": "https://registry.npmjs.org/@rmwc/menu/-/menu-6.0.5.tgz",
			"integrity": "sha512-ozHpfC/wy3M/nssSsqfMTFgqEhaMKO6ndNkwQQ77Hq13EnqhOlhMx0YxyGIVWFQg7/fbSPOdSgPzv37ZyvEM8A==",
			"requires": {
				"@material/menu": "^5.1.0",
				"@material/menu-surface": "^5.1.0",
				"@rmwc/base": "^6.0.5",
				"@rmwc/list": "^6.0.5",
				"@rmwc/types": "^6.0.5"
			}
		},
		"@rmwc/notched-outline": {
			"version": "6.0.5",
			"resolved": "https://registry.npmjs.org/@rmwc/notched-outline/-/notched-outline-6.0.5.tgz",
			"integrity": "sha512-VTJItguEmaZ/GigczJKDHae/UYRxE9Zs48QCLfaYslmG7mxFzPGN/HCDLc++OVDTs7bI8QQ0jIVlOCOQI/ZXyg==",
			"requires": {
				"@material/notched-outline": "^5.1.0",
				"@rmwc/base": "^6.0.5",
				"@rmwc/types": "^6.0.5"
			}
		},
		"@rmwc/provider": {
			"version": "6.0.5",
			"resolved": "https://registry.npmjs.org/@rmwc/provider/-/provider-6.0.5.tgz",
			"integrity": "sha512-BSKKtpwKvhqSFjRJtt+4Bzsu8euwv33zUhnBFhx9kB3bGprvX1Ul54DK7DQtBUh3gZ0RWnXqJwJI6siZw6/hYQ==",
			"requires": {
				"@rmwc/base": "^6.0.5",
				"@rmwc/types": "^6.0.5"
			}
		},
		"@rmwc/ripple": {
			"version": "6.0.5",
			"resolved": "https://registry.npmjs.org/@rmwc/ripple/-/ripple-6.0.5.tgz",
			"integrity": "sha512-zN3wEWie8uHWi1EpXv/G8LNNtsKXvvUv4TdXPtULOL5z6HtWBFKjSVc1xTriahpBysVUJpu0UcQCcfBI9g1D6A==",
			"requires": {
				"@material/ripple": "^5.1.0",
				"@rmwc/base": "^6.0.5",
				"@rmwc/provider": "^6.0.5",
				"@rmwc/types": "^6.0.5"
			}
		},
		"@rmwc/select": {
			"version": "6.0.7",
			"resolved": "https://registry.npmjs.org/@rmwc/select/-/select-6.0.7.tgz",
			"integrity": "sha512-0Z2guPv/vbXEl2KRqN8u3E+Q5KYxjAs4v22dGsd7vaojWP+9k/WtIPmC6x5v9rLekRljQRusZh80BIr+UpJgrg==",
			"requires": {
				"@material/select": "^5.1.0",
				"@rmwc/base": "^6.0.5",
				"@rmwc/floating-label": "^6.0.5",
				"@rmwc/icon": "^6.0.5",
				"@rmwc/line-ripple": "^6.0.5",
				"@rmwc/list": "^6.0.5",
				"@rmwc/menu": "^6.0.5",
				"@rmwc/notched-outline": "^6.0.5",
				"@rmwc/ripple": "^6.0.5",
				"@rmwc/types": "^6.0.5"
			}
		},
		"@rmwc/textfield": {
			"version": "6.0.5",
			"resolved": "https://registry.npmjs.org/@rmwc/textfield/-/textfield-6.0.5.tgz",
			"integrity": "sha512-7Eq7pXgsLALc3mYLXV15DH6fxJpEynXm2/Czi4ngnewvpW2oeR6bh4e04o8VINYpTKpCi4tK2PVCCJzmbvx00Q==",
			"requires": {
				"@material/textfield": "^5.1.0",
				"@rmwc/base": "^6.0.5",
				"@rmwc/floating-label": "^6.0.5",
				"@rmwc/icon": "^6.0.5",
				"@rmwc/line-ripple": "^6.0.5",
				"@rmwc/notched-outline": "^6.0.5",
				"@rmwc/ripple": "^6.0.5",
				"@rmwc/types": "^6.0.5"
			}
		},
		"@rmwc/types": {
			"version": "6.0.5",
			"resolved": "https://registry.npmjs.org/@rmwc/types/-/types-6.0.5.tgz",
			"integrity": "sha512-G4NZxakwsTMFxxpEWX90MOlZtVNzCwooLUg7FH7Oh5OJCnKWGmXK8ZMF59vvIEn7zCiEpVroKhOxNpMw9TIUTw=="
		},
		"@types/node": {
			"version": "13.9.8",
			"resolved": "https://registry.npmjs.org/@types/node/-/node-13.9.8.tgz",
			"integrity": "sha512-1WgO8hsyHynlx7nhP1kr0OFzsgKz5XDQL+Lfc3b1Q3qIln/n8cKD4m09NJ0+P1Rq7Zgnc7N0+SsMnoD1rEb0kA==",
			"dev": true
		},
		"@types/prop-types": {
			"version": "15.7.3",
			"resolved": "https://registry.npmjs.org/@types/prop-types/-/prop-types-15.7.3.tgz",
			"integrity": "sha512-KfRL3PuHmqQLOG+2tGpRO26Ctg+Cq1E01D2DMriKEATHgWLfeNDmq9e29Q9WIky0dQ3NPkd1mzYH8Lm936Z9qw==",
			"dev": true
		},
		"@types/react": {
			"version": "16.9.31",
			"resolved": "https://registry.npmjs.org/@types/react/-/react-16.9.31.tgz",
			"integrity": "sha512-NpYJpNMWScFXtx3A2BJMeew2G3+9SEslVWMdxNJ6DLvxIuxWjY1bizK9q5Y1ujhln31vtjmhjOAYDr9Xx3k9FQ==",
			"dev": true,
			"requires": {
				"@types/prop-types": "*",
				"csstype": "^2.2.0"
			}
		},
		"classnames": {
			"version": "2.2.6",
			"resolved": "https://registry.npmjs.org/classnames/-/classnames-2.2.6.tgz",
			"integrity": "sha512-JR/iSQOSt+LQIWwrwEzJ9uk0xfN3mTVYMwt1Ir5mUcSN6pU+V4zQFFaJsclJbPuAUQH+yfWef6tm7l1quW3C8Q=="
		},
		"csstype": {
			"version": "2.6.10",
			"resolved": "https://registry.npmjs.org/csstype/-/csstype-2.6.10.tgz",
			"integrity": "sha512-D34BqZU4cIlMCY93rZHbrq9pjTAQJ3U8S8rfBqjwHxkGPThWFjzZDQpgMJY0QViLxth6ZKYiwFBo14RdN44U/w==",
			"dev": true
		},
		"hyperform": {
			"version": "0.9.23",
			"resolved": "https://registry.npmjs.org/hyperform/-/hyperform-0.9.23.tgz",
			"integrity": "sha512-2rUMOZuWFdHdTa8kymF+8nRHr/LLkUnb1i8NjGZyQ/KFL9T/WzGckcm6MY5uQSLXW5BViAT3yOV3sif77YR/SQ=="
		},
		"js-tokens": {
			"version": "4.0.0",
			"resolved": "https://registry.npmjs.org/js-tokens/-/js-tokens-4.0.0.tgz",
			"integrity": "sha512-RdJUflcE3cUzKiMqQgsCu06FPu9UdIJO0beYbPhHN4k6apgJtifcoCtT9bcxOpYBtpD2kCM6Sbzg4CausW/PKQ=="
		},
		"loose-envify": {
			"version": "1.4.0",
			"resolved": "https://registry.npmjs.org/loose-envify/-/loose-envify-1.4.0.tgz",
			"integrity": "sha512-lyuxPGr/Wfhrlem2CL/UcnUc1zcqKAImBDzukY7Y5F/yQiNdko6+fRLevlw1HgMySw7f611UIY408EtxRSoK3Q==",
			"requires": {
				"js-tokens": "^3.0.0 || ^4.0.0"
			}
		},
		"mutation-observer": {
			"version": "1.0.3",
			"resolved": "https://registry.npmjs.org/mutation-observer/-/mutation-observer-1.0.3.tgz",
			"integrity": "sha512-M/O/4rF2h776hV7qGMZUH3utZLO/jK7p8rnNgGkjKUw8zCGjRQPxB8z6+5l8+VjRUQ3dNYu4vjqXYLr+U8ZVNA=="
		},
		"object-assign": {
			"version": "4.1.1",
			"resolved": "https://registry.npmjs.org/object-assign/-/object-assign-4.1.1.tgz",
			"integrity": "sha1-IQmtx5ZYh8/AXLvUQsrIv7s2CGM="
		},
		"prop-types": {
			"version": "15.7.2",
			"resolved": "https://registry.npmjs.org/prop-types/-/prop-types-15.7.2.tgz",
			"integrity": "sha512-8QQikdH7//R2vurIJSutZ1smHYTcLpRWEOlHnzcWHmBYrOGUysKwSsrC89BCiFj3CbrfJ/nXFdJepOVrY1GCHQ==",
			"requires": {
				"loose-envify": "^1.4.0",
				"object-assign": "^4.1.1",
				"react-is": "^16.8.1"
			}
		},
		"react": {
			"version": "16.13.1",
			"resolved": "https://registry.npmjs.org/react/-/react-16.13.1.tgz",
			"integrity": "sha512-YMZQQq32xHLX0bz5Mnibv1/LHb3Sqzngu7xstSM+vrkE5Kzr9xE0yMByK5kMoTK30YVJE61WfbxIFFvfeDKT1w==",
			"requires": {
				"loose-envify": "^1.1.0",
				"object-assign": "^4.1.1",
				"prop-types": "^15.6.2"
			}
		},
		"react-dom": {
			"version": "16.13.1",
			"resolved": "https://registry.npmjs.org/react-dom/-/react-dom-16.13.1.tgz",
			"integrity": "sha512-81PIMmVLnCNLO/fFOQxdQkvEq/+Hfpv24XNJfpyZhTRfO0QcmQIF/PgCa1zCOj2w1hrn12MFLyaJ/G0+Mxtfag==",
			"requires": {
				"loose-envify": "^1.1.0",
				"object-assign": "^4.1.1",
				"prop-types": "^15.6.2",
				"scheduler": "^0.19.1"
			}
		},
		"react-is": {
			"version": "16.13.1",
			"resolved": "https://registry.npmjs.org/react-is/-/react-is-16.13.1.tgz",
			"integrity": "sha512-24e6ynE2H+OKt4kqsOvNd8kBpV65zoxbA4BVsEOB3ARVWQki/DHzaUoC5KuON/BiccDaCCTZBuOcfZs70kR8bQ=="
		},
		"scheduler": {
			"version": "0.19.1",
			"resolved": "https://registry.npmjs.org/scheduler/-/scheduler-0.19.1.tgz",
			"integrity": "sha512-n/zwRWRYSUj0/3g/otKDRPMh6qv2SYMWNq85IEa8iZyAv8od9zDYpGSnpBEjNgcMNq6Scbu5KfIPxNF72R/2EA==",
			"requires": {
				"loose-envify": "^1.1.0",
				"object-assign": "^4.1.1"
			}
		},
		"tslib": {
			"version": "1.11.1",
			"resolved": "https://registry.npmjs.org/tslib/-/tslib-1.11.1.tgz",
			"integrity": "sha512-aZW88SY8kQbU7gpV19lN24LtXh/yD4ZZg6qieAJDDg+YBsJcSmLGK9QpnUjAKVG/xefmvJGd1WUmfpT/g6AJGA=="
		},
		"typescript": {
			"version": "3.8.3",
			"resolved": "https://registry.npmjs.org/typescript/-/typescript-3.8.3.tgz",
			"integrity": "sha512-MYlEfn5VrLNsgudQTVJeNaQFUAI7DkhnOjdpAp4T+ku1TfQClewlbSuTVHiA+8skNBgaf02TL/kLOvig4y3G8w==",
			"dev": true
		}
	}
}
