{
  "name": "@tutorbook/button",
  "version": "0.0.1",
  "lockfileVersion": 1,
  "requires": true,
  "dependencies": {
    "@material/animation": {
      "version": "5.1.0",
      "resolved": "https://registry.npmjs.org/@material/animation/-/animation-5.1.0.tgz",
      "integrity": "sha512-qZuPCZkTsCQCzx5EtY2eNBcmYOMGMbFVq6VTmvQztDCYDykT8JfP8Hpk55Y5bGORHvBbIasUXzoAhfQs6w/Bdg==",
      "requires": {
        "tslib": "^1.9.3"
      }
    },
    "@material/base": {
      "version": "5.1.0",
      "resolved": "https://registry.npmjs.org/@material/base/-/base-5.1.0.tgz",
      "integrity": "sha512-UxVFKpSNaoKqd7hHxy9hrvwANp0WJy/BZqu8Rj/aRvKnBZnuHehFuOysI9WqdeTqgveJaQoj6EEkVEqLurR5Sg==",
      "requires": {
        "tslib": "^1.9.3"
      }
    },
    "@material/button": {
      "version": "5.1.0",
      "resolved": "https://registry.npmjs.org/@material/button/-/button-5.1.0.tgz",
      "integrity": "sha512-umeuIEbeRRd0cY+5axhrBoM0dvJ4YfoTsUbKgz4ctFxHLBsgthFUIXSa3Ot15s284UP6kjslK0LCMqzhirZxeQ==",
      "requires": {
        "@material/density": "^5.1.0",
        "@material/elevation": "^5.1.0",
        "@material/feature-targeting": "^5.1.0",
        "@material/ripple": "^5.1.0",
        "@material/rtl": "^5.1.0",
        "@material/shape": "^5.1.0",
        "@material/theme": "^5.1.0",
        "@material/touch-target": "^5.1.0",
        "@material/typography": "^5.1.0"
      }
    },
    "@material/density": {
      "version": "5.1.0",
      "resolved": "https://registry.npmjs.org/@material/density/-/density-5.1.0.tgz",
      "integrity": "sha512-jmp6AgiNYosl+HicxWCa8vib9pg9tNxRcf+6f9LDkDYJ9jtO90PXuypyd0hO64JZ9Df7BywFj5hTWPERG1FBbw=="
    },
    "@material/dom": {
      "version": "5.1.0",
      "resolved": "https://registry.npmjs.org/@material/dom/-/dom-5.1.0.tgz",
      "integrity": "sha512-tBbl3hG34Auv+2sboWhtstXeZ9rx3G7hb/jEXs5xZ5KIfZHwY4mbo0KqR/fSJZKaUsvk2Nc/UEOVcUx2mTNmYg==",
      "requires": {
        "tslib": "^1.9.3"
      }
    },
    "@material/elevation": {
      "version": "5.1.0",
      "resolved": "https://registry.npmjs.org/@material/elevation/-/elevation-5.1.0.tgz",
      "integrity": "sha512-NsWIT+L6x3BLouCOh3H8x885/nCrNNmzCwHEodz/0PcYQsxx9RiIVFkagmJWw/w//jej/D4NotD0xHGKOWTrFA==",
      "requires": {
        "@material/animation": "^5.1.0",
        "@material/base": "^5.1.0",
        "@material/feature-targeting": "^5.1.0",
        "@material/theme": "^5.1.0"
      }
    },
    "@material/feature-targeting": {
      "version": "5.1.0",
      "resolved": "https://registry.npmjs.org/@material/feature-targeting/-/feature-targeting-5.1.0.tgz",
      "integrity": "sha512-z3JNWF7lP9WOzw1xBwul/HAOu4qC6EpK/8MkhjLNI9APvdYML82PWS1V0k0MiqA6Jk6uxm8DiVAk9VUqBa9/YA=="
    },
    "@material/ripple": {
      "version": "5.1.0",
      "resolved": "https://registry.npmjs.org/@material/ripple/-/ripple-5.1.0.tgz",
      "integrity": "sha512-mluIf+HaaCplszp9/MAl178FpfIJWi5hSyQOpF7w8RTzRSaH8J0uwgmn8VeNnwe1TAWio0vQzHrz4iEg2r7Ngw==",
      "requires": {
        "@material/animation": "^5.1.0",
        "@material/base": "^5.1.0",
        "@material/dom": "^5.1.0",
        "@material/feature-targeting": "^5.1.0",
        "@material/theme": "^5.1.0",
        "tslib": "^1.9.3"
      }
    },
    "@material/rtl": {
      "version": "5.1.0",
      "resolved": "https://registry.npmjs.org/@material/rtl/-/rtl-5.1.0.tgz",
      "integrity": "sha512-Hij4KJIfjK63HArdQ3K1INMo0MbigDgL0JhjO1VDk5c+iYmYpjDI7wgPLmV5ISCBtenXRWpo1xbBO3uEmtCd4Q=="
    },
    "@material/shape": {
      "version": "5.1.0",
      "resolved": "https://registry.npmjs.org/@material/shape/-/shape-5.1.0.tgz",
      "integrity": "sha512-/k27T9fhQ1zj7VCsS26nv0TzsOi142ncik2mycEXq8753PDBotob7Y19pbwivwt9QxkglhMGH0EaWdZPzBoQXw==",
      "requires": {
        "@material/feature-targeting": "^5.1.0",
        "@material/rtl": "^5.1.0"
      }
    },
    "@material/theme": {
      "version": "5.1.0",
      "resolved": "https://registry.npmjs.org/@material/theme/-/theme-5.1.0.tgz",
      "integrity": "sha512-VoaCYAubn/oEG1/fu/yP4nxAw8sLEphFOGGBJxcPGQoLgQ9qcvibsV3G5H9S6AtmhJxgSGU0JnO9TaiuhQq5zA==",
      "requires": {
        "@material/feature-targeting": "^5.1.0"
      }
    },
    "@material/touch-target": {
      "version": "5.1.0",
      "resolved": "https://registry.npmjs.org/@material/touch-target/-/touch-target-5.1.0.tgz",
      "integrity": "sha512-lR3eoL1D0I/hyEK6I7bMFDBy/pE0yYvjYUZtL1vC7+2i54A4FgQ2hwnpQJVaZQXzrHdj6xsXmODphmUsH5gqPA==",
      "requires": {
        "@material/base": "^5.1.0",
        "@material/feature-targeting": "^5.1.0"
      }
    },
    "@material/typography": {
      "version": "5.1.0",
      "resolved": "https://registry.npmjs.org/@material/typography/-/typography-5.1.0.tgz",
      "integrity": "sha512-yh02koa6JLyPT5u7Zb31kyqhoZoppL0n9FmZK+eHXZcfeDF7ROL0UmtRsEjQxfnCNZRR+FIhAgrzdYxClwH05g==",
      "requires": {
        "@material/feature-targeting": "^5.1.0",
        "@material/theme": "^5.1.0"
      }
    },
    "@rmwc/base": {
      "version": "6.0.5",
      "resolved": "https://registry.npmjs.org/@rmwc/base/-/base-6.0.5.tgz",
      "integrity": "sha512-xVrz/ig7LQ/hgvyxZYWapM/31mVMqhJeuZSWO/FLuGTY+e7HNUj1SYJIXYxc8irdUvQDmxEXABdxhEAR4MPZNA==",
      "requires": {
        "@rmwc/types": "^6.0.5",
        "classnames": "^2.2.6",
        "hyperform": "^0.9.9",
        "mutation-observer": "^1.0.3",
        "tslib": "^1.10.0"
      }
    },
    "@rmwc/button": {
      "version": "6.0.5",
      "resolved": "https://registry.npmjs.org/@rmwc/button/-/button-6.0.5.tgz",
      "integrity": "sha512-SG4+G6G9L0iqLP6M4EJwAY+/wUrJ/agqAjmDJrMNt1FnBUMRONSoxCbZhKjm/Z6pla5OSCGi17OlZCf20Oky8A==",
      "requires": {
        "@material/button": "^5.1.0",
        "@rmwc/base": "^6.0.5",
        "@rmwc/icon": "^6.0.5",
        "@rmwc/provider": "^6.0.5",
        "@rmwc/ripple": "^6.0.5",
        "@rmwc/types": "^6.0.5"
      }
    },
    "@rmwc/icon": {
      "version": "6.0.5",
      "resolved": "https://registry.npmjs.org/@rmwc/icon/-/icon-6.0.5.tgz",
      "integrity": "sha512-nWCvuB+LAqM84CzA4JiMExSnQ86TSrgEn5Oga9/izJWCKK9nqTX9L4Hn85ajT7EOmehss4lNmJpeDqdiIPwb5w==",
      "requires": {
        "@rmwc/base": "^6.0.5",
        "@rmwc/provider": "^6.0.5",
        "@rmwc/types": "^6.0.5"
      }
    },
    "@rmwc/provider": {
      "version": "6.0.5",
      "resolved": "https://registry.npmjs.org/@rmwc/provider/-/provider-6.0.5.tgz",
      "integrity": "sha512-BSKKtpwKvhqSFjRJtt+4Bzsu8euwv33zUhnBFhx9kB3bGprvX1Ul54DK7DQtBUh3gZ0RWnXqJwJI6siZw6/hYQ==",
      "requires": {
        "@rmwc/base": "^6.0.5",
        "@rmwc/types": "^6.0.5"
      }
    },
    "@rmwc/ripple": {
      "version": "6.0.5",
      "resolved": "https://registry.npmjs.org/@rmwc/ripple/-/ripple-6.0.5.tgz",
      "integrity": "sha512-zN3wEWie8uHWi1EpXv/G8LNNtsKXvvUv4TdXPtULOL5z6HtWBFKjSVc1xTriahpBysVUJpu0UcQCcfBI9g1D6A==",
      "requires": {
        "@material/ripple": "^5.1.0",
        "@rmwc/base": "^6.0.5",
        "@rmwc/provider": "^6.0.5",
        "@rmwc/types": "^6.0.5"
      }
    },
    "@rmwc/types": {
      "version": "6.0.5",
      "resolved": "https://registry.npmjs.org/@rmwc/types/-/types-6.0.5.tgz",
      "integrity": "sha512-G4NZxakwsTMFxxpEWX90MOlZtVNzCwooLUg7FH7Oh5OJCnKWGmXK8ZMF59vvIEn7zCiEpVroKhOxNpMw9TIUTw=="
    },
    "classnames": {
      "version": "2.2.6",
      "resolved": "https://registry.npmjs.org/classnames/-/classnames-2.2.6.tgz",
      "integrity": "sha512-JR/iSQOSt+LQIWwrwEzJ9uk0xfN3mTVYMwt1Ir5mUcSN6pU+V4zQFFaJsclJbPuAUQH+yfWef6tm7l1quW3C8Q=="
    },
    "hyperform": {
      "version": "0.9.23",
      "resolved": "https://registry.npmjs.org/hyperform/-/hyperform-0.9.23.tgz",
      "integrity": "sha512-2rUMOZuWFdHdTa8kymF+8nRHr/LLkUnb1i8NjGZyQ/KFL9T/WzGckcm6MY5uQSLXW5BViAT3yOV3sif77YR/SQ=="
    },
    "js-tokens": {
      "version": "4.0.0",
      "resolved": "https://registry.npmjs.org/js-tokens/-/js-tokens-4.0.0.tgz",
      "integrity": "sha512-RdJUflcE3cUzKiMqQgsCu06FPu9UdIJO0beYbPhHN4k6apgJtifcoCtT9bcxOpYBtpD2kCM6Sbzg4CausW/PKQ=="
    },
    "loose-envify": {
      "version": "1.4.0",
      "resolved": "https://registry.npmjs.org/loose-envify/-/loose-envify-1.4.0.tgz",
      "integrity": "sha512-lyuxPGr/Wfhrlem2CL/UcnUc1zcqKAImBDzukY7Y5F/yQiNdko6+fRLevlw1HgMySw7f611UIY408EtxRSoK3Q==",
      "requires": {
        "js-tokens": "^3.0.0 || ^4.0.0"
      }
    },
    "mutation-observer": {
      "version": "1.0.3",
      "resolved": "https://registry.npmjs.org/mutation-observer/-/mutation-observer-1.0.3.tgz",
      "integrity": "sha512-M/O/4rF2h776hV7qGMZUH3utZLO/jK7p8rnNgGkjKUw8zCGjRQPxB8z6+5l8+VjRUQ3dNYu4vjqXYLr+U8ZVNA=="
    },
    "object-assign": {
      "version": "4.1.1",
      "resolved": "https://registry.npmjs.org/object-assign/-/object-assign-4.1.1.tgz",
      "integrity": "sha1-IQmtx5ZYh8/AXLvUQsrIv7s2CGM="
    },
    "prop-types": {
      "version": "15.7.2",
      "resolved": "https://registry.npmjs.org/prop-types/-/prop-types-15.7.2.tgz",
      "integrity": "sha512-8QQikdH7//R2vurIJSutZ1smHYTcLpRWEOlHnzcWHmBYrOGUysKwSsrC89BCiFj3CbrfJ/nXFdJepOVrY1GCHQ==",
      "requires": {
        "loose-envify": "^1.4.0",
        "object-assign": "^4.1.1",
        "react-is": "^16.8.1"
      }
    },
    "react": {
      "version": "16.13.1",
      "resolved": "https://registry.npmjs.org/react/-/react-16.13.1.tgz",
      "integrity": "sha512-YMZQQq32xHLX0bz5Mnibv1/LHb3Sqzngu7xstSM+vrkE5Kzr9xE0yMByK5kMoTK30YVJE61WfbxIFFvfeDKT1w==",
      "requires": {
        "loose-envify": "^1.1.0",
        "object-assign": "^4.1.1",
        "prop-types": "^15.6.2"
      }
    },
    "react-dom": {
      "version": "16.13.1",
      "resolved": "https://registry.npmjs.org/react-dom/-/react-dom-16.13.1.tgz",
      "integrity": "sha512-81PIMmVLnCNLO/fFOQxdQkvEq/+Hfpv24XNJfpyZhTRfO0QcmQIF/PgCa1zCOj2w1hrn12MFLyaJ/G0+Mxtfag==",
      "requires": {
        "loose-envify": "^1.1.0",
        "object-assign": "^4.1.1",
        "prop-types": "^15.6.2",
        "scheduler": "^0.19.1"
      }
    },
    "react-is": {
      "version": "16.13.1",
      "resolved": "https://registry.npmjs.org/react-is/-/react-is-16.13.1.tgz",
      "integrity": "sha512-24e6ynE2H+OKt4kqsOvNd8kBpV65zoxbA4BVsEOB3ARVWQki/DHzaUoC5KuON/BiccDaCCTZBuOcfZs70kR8bQ=="
    },
    "scheduler": {
      "version": "0.19.1",
      "resolved": "https://registry.npmjs.org/scheduler/-/scheduler-0.19.1.tgz",
      "integrity": "sha512-n/zwRWRYSUj0/3g/otKDRPMh6qv2SYMWNq85IEa8iZyAv8od9zDYpGSnpBEjNgcMNq6Scbu5KfIPxNF72R/2EA==",
      "requires": {
        "loose-envify": "^1.1.0",
        "object-assign": "^4.1.1"
      }
    },
    "tslib": {
      "version": "1.11.1",
      "resolved": "https://registry.npmjs.org/tslib/-/tslib-1.11.1.tgz",
      "integrity": "sha512-aZW88SY8kQbU7gpV19lN24LtXh/yD4ZZg6qieAJDDg+YBsJcSmLGK9QpnUjAKVG/xefmvJGd1WUmfpT/g6AJGA=="
    },
    "typescript": {
      "version": "3.8.3",
      "resolved": "https://registry.npmjs.org/typescript/-/typescript-3.8.3.tgz",
      "integrity": "sha512-MYlEfn5VrLNsgudQTVJeNaQFUAI7DkhnOjdpAp4T+ku1TfQClewlbSuTVHiA+8skNBgaf02TL/kLOvig4y3G8w==",
      "dev": true
    }
  }
}
